// !$*UTF8*$!
{
	archiveVersion = 1;
	classes = {
	};
	objectVersion = 56;
	objects = {

/* Begin PBXBuildFile section */
		349C20EE2AEA723A00060C84 /* .gitignore in Resources */ = {isa = PBXBuildFile; fileRef = 349C20ED2AEA723A00060C84 /* .gitignore */; };
		372501E32AEA59CF00A143DA /* ActivityView.swift in Sources */ = {isa = PBXBuildFile; fileRef = 372501E22AEA59CF00A143DA /* ActivityView.swift */; };
		372501E52AEA59E200A143DA /* ProfileView.swift in Sources */ = {isa = PBXBuildFile; fileRef = 372501E42AEA59E200A143DA /* ProfileView.swift */; };
		372501E72AEA59F500A143DA /* HomeNoQuizView.swift in Sources */ = {isa = PBXBuildFile; fileRef = 372501E62AEA59F500A143DA /* HomeNoQuizView.swift */; };
		372B82B52AEA5C6600DF7B3C /* HomeView.swift in Sources */ = {isa = PBXBuildFile; fileRef = 372B82B42AEA5C6600DF7B3C /* HomeView.swift */; };
		374834222AE1300F00CFFA87 /* Uni_onApp.swift in Sources */ = {isa = PBXBuildFile; fileRef = 374834212AE1300F00CFFA87 /* Uni_onApp.swift */; };
		374834242AE1300F00CFFA87 /* NhieView.swift in Sources */ = {isa = PBXBuildFile; fileRef = 374834232AE1300F00CFFA87 /* NhieView.swift */; };
		374834262AE1301100CFFA87 /* Assets.xcassets in Resources */ = {isa = PBXBuildFile; fileRef = 374834252AE1301100CFFA87 /* Assets.xcassets */; };
		374834292AE1301100CFFA87 /* Preview Assets.xcassets in Resources */ = {isa = PBXBuildFile; fileRef = 374834282AE1301100CFFA87 /* Preview Assets.xcassets */; };
		374834302AE1304F00CFFA87 /* Category.swift in Sources */ = {isa = PBXBuildFile; fileRef = 3748342F2AE1304F00CFFA87 /* Category.swift */; };
		376DEFF72AE2F132002D8F4F /* CategorySelectionView.swift in Sources */ = {isa = PBXBuildFile; fileRef = 376DEFF62AE2F132002D8F4F /* CategorySelectionView.swift */; };
		3781731E2AE1D11F008C0815 /* NhieOnboardingView.swift in Sources */ = {isa = PBXBuildFile; fileRef = 3781731D2AE1D11F008C0815 /* NhieOnboardingView.swift */; };
		6B2A29CA2AEA7ACD0045E669 /* QuestionnaireView.swift in Sources */ = {isa = PBXBuildFile; fileRef = 6B2A29C92AEA7ACD0045E669 /* QuestionnaireView.swift */; };
		6B2A29CC2AEA7AEB0045E669 /* QuestionnaireViewModel.swift in Sources */ = {isa = PBXBuildFile; fileRef = 6B2A29CB2AEA7AEB0045E669 /* QuestionnaireViewModel.swift */; };
		6B2A29CE2AEA7B0A0045E669 /* QuestionnaireViewSample.swift in Sources */ = {isa = PBXBuildFile; fileRef = 6B2A29CD2AEA7B0A0045E669 /* QuestionnaireViewSample.swift */; };
		6B4DBBD62AEBA602003352CF /* QuestionnaireModel.swift in Sources */ = {isa = PBXBuildFile; fileRef = 6B4DBBD52AEBA602003352CF /* QuestionnaireModel.swift */; };
		6B7AC9822AE27BA3005079DC /* ColorPallete.swift in Sources */ = {isa = PBXBuildFile; fileRef = 6B7AC9812AE27BA3005079DC /* ColorPallete.swift */; };
		B23043EC2AE6864C00E2F945 /* ResultLoading.swift in Sources */ = {isa = PBXBuildFile; fileRef = B23043EB2AE6864C00E2F945 /* ResultLoading.swift */; };
		B2B72B452AE590AA0049C265 /* OnboardingContent.swift in Sources */ = {isa = PBXBuildFile; fileRef = B2B72B442AE590AA0049C265 /* OnboardingContent.swift */; };
		B2CCF9B32AE4295B00EC82FB /* OnboardingModel.swift in Sources */ = {isa = PBXBuildFile; fileRef = B2CCF9B22AE4295B00EC82FB /* OnboardingModel.swift */; };
		B2CCF9B62AE4298500EC82FB /* Onboarding.swift in Sources */ = {isa = PBXBuildFile; fileRef = B2CCF9B52AE4298500EC82FB /* Onboarding.swift */; };
		B2FD7F6D2AE68EED005F7962 /* EntryAnimation.swift in Sources */ = {isa = PBXBuildFile; fileRef = B2FD7F6C2AE68EED005F7962 /* EntryAnimation.swift */; };
/* End PBXBuildFile section */

/* Begin PBXFileReference section */
		349C20ED2AEA723A00060C84 /* .gitignore */ = {isa = PBXFileReference; fileEncoding = 4; lastKnownFileType = text; path = .gitignore; sourceTree = SOURCE_ROOT; };
		372501E22AEA59CF00A143DA /* ActivityView.swift */ = {isa = PBXFileReference; lastKnownFileType = sourcecode.swift; path = ActivityView.swift; sourceTree = "<group>"; };
		372501E42AEA59E200A143DA /* ProfileView.swift */ = {isa = PBXFileReference; lastKnownFileType = sourcecode.swift; path = ProfileView.swift; sourceTree = "<group>"; };
		372501E62AEA59F500A143DA /* HomeNoQuizView.swift */ = {isa = PBXFileReference; lastKnownFileType = sourcecode.swift; path = HomeNoQuizView.swift; sourceTree = "<group>"; };
		372B82B42AEA5C6600DF7B3C /* HomeView.swift */ = {isa = PBXFileReference; lastKnownFileType = sourcecode.swift; path = HomeView.swift; sourceTree = "<group>"; };
		3748341E2AE1300F00CFFA87 /* Uni-on.app */ = {isa = PBXFileReference; explicitFileType = wrapper.application; includeInIndex = 0; path = "Uni-on.app"; sourceTree = BUILT_PRODUCTS_DIR; };
		374834212AE1300F00CFFA87 /* Uni_onApp.swift */ = {isa = PBXFileReference; lastKnownFileType = sourcecode.swift; path = Uni_onApp.swift; sourceTree = "<group>"; };
		374834232AE1300F00CFFA87 /* NhieView.swift */ = {isa = PBXFileReference; lastKnownFileType = sourcecode.swift; path = NhieView.swift; sourceTree = "<group>"; };
		374834252AE1301100CFFA87 /* Assets.xcassets */ = {isa = PBXFileReference; lastKnownFileType = folder.assetcatalog; path = Assets.xcassets; sourceTree = "<group>"; };
		374834282AE1301100CFFA87 /* Preview Assets.xcassets */ = {isa = PBXFileReference; lastKnownFileType = folder.assetcatalog; path = "Preview Assets.xcassets"; sourceTree = "<group>"; };
		3748342F2AE1304F00CFFA87 /* Category.swift */ = {isa = PBXFileReference; lastKnownFileType = sourcecode.swift; path = Category.swift; sourceTree = "<group>"; };
		376DEFF62AE2F132002D8F4F /* CategorySelectionView.swift */ = {isa = PBXFileReference; lastKnownFileType = sourcecode.swift; path = CategorySelectionView.swift; sourceTree = "<group>"; };
		3781731D2AE1D11F008C0815 /* NhieOnboardingView.swift */ = {isa = PBXFileReference; lastKnownFileType = sourcecode.swift; path = NhieOnboardingView.swift; sourceTree = "<group>"; };
		6B2A29C92AEA7ACD0045E669 /* QuestionnaireView.swift */ = {isa = PBXFileReference; lastKnownFileType = sourcecode.swift; path = QuestionnaireView.swift; sourceTree = "<group>"; };
		6B2A29CB2AEA7AEB0045E669 /* QuestionnaireViewModel.swift */ = {isa = PBXFileReference; lastKnownFileType = sourcecode.swift; path = QuestionnaireViewModel.swift; sourceTree = "<group>"; };
		6B2A29CD2AEA7B0A0045E669 /* QuestionnaireViewSample.swift */ = {isa = PBXFileReference; lastKnownFileType = sourcecode.swift; path = QuestionnaireViewSample.swift; sourceTree = "<group>"; };
		6B4DBBD52AEBA602003352CF /* QuestionnaireModel.swift */ = {isa = PBXFileReference; lastKnownFileType = sourcecode.swift; path = QuestionnaireModel.swift; sourceTree = "<group>"; };
		6B7AC9812AE27BA3005079DC /* ColorPallete.swift */ = {isa = PBXFileReference; lastKnownFileType = sourcecode.swift; path = ColorPallete.swift; sourceTree = "<group>"; };
		B23043EB2AE6864C00E2F945 /* ResultLoading.swift */ = {isa = PBXFileReference; lastKnownFileType = sourcecode.swift; path = ResultLoading.swift; sourceTree = "<group>"; };
		B2B72B442AE590AA0049C265 /* OnboardingContent.swift */ = {isa = PBXFileReference; lastKnownFileType = sourcecode.swift; path = OnboardingContent.swift; sourceTree = "<group>"; };
		B2CCF9B22AE4295B00EC82FB /* OnboardingModel.swift */ = {isa = PBXFileReference; lastKnownFileType = sourcecode.swift; path = OnboardingModel.swift; sourceTree = "<group>"; };
		B2CCF9B52AE4298500EC82FB /* Onboarding.swift */ = {isa = PBXFileReference; lastKnownFileType = sourcecode.swift; path = Onboarding.swift; sourceTree = "<group>"; };
		B2FD7F6C2AE68EED005F7962 /* EntryAnimation.swift */ = {isa = PBXFileReference; lastKnownFileType = sourcecode.swift; path = EntryAnimation.swift; sourceTree = "<group>"; };
/* End PBXFileReference section */

/* Begin PBXFrameworksBuildPhase section */
		3748341B2AE1300F00CFFA87 /* Frameworks */ = {
			isa = PBXFrameworksBuildPhase;
			buildActionMask = 2147483647;
			files = (
			);
			runOnlyForDeploymentPostprocessing = 0;
		};
/* End PBXFrameworksBuildPhase section */

/* Begin PBXGroup section */
		374834152AE1300F00CFFA87 = {
			isa = PBXGroup;
			children = (
				374834202AE1300F00CFFA87 /* Uni-on */,
				3748341F2AE1300F00CFFA87 /* Products */,
			);
			sourceTree = "<group>";
		};
		3748341F2AE1300F00CFFA87 /* Products */ = {
			isa = PBXGroup;
			children = (
				3748341E2AE1300F00CFFA87 /* Uni-on.app */,
			);
			name = Products;
			sourceTree = "<group>";
		};
		374834202AE1300F00CFFA87 /* Uni-on */ = {
			isa = PBXGroup;
			children = (
				349C20ED2AEA723A00060C84 /* .gitignore */,
				374834212AE1300F00CFFA87 /* Uni_onApp.swift */,
				3781731C2AE1D10D008C0815 /* Model */,
				3781731B2AE1D106008C0815 /* View */,
				6B7AC9832AE27E51005079DC /* ViewModel */,
				374834252AE1301100CFFA87 /* Assets.xcassets */,
				374834272AE1301100CFFA87 /* Preview Content */,
			);
			path = "Uni-on";
			sourceTree = "<group>";
		};
		374834272AE1301100CFFA87 /* Preview Content */ = {
			isa = PBXGroup;
			children = (
				374834282AE1301100CFFA87 /* Preview Assets.xcassets */,
			);
			path = "Preview Content";
			sourceTree = "<group>";
		};
		3781731B2AE1D106008C0815 /* View */ = {
			isa = PBXGroup;
			children = (
				372B82B42AEA5C6600DF7B3C /* HomeView.swift */,
				372501E62AEA59F500A143DA /* HomeNoQuizView.swift */,
				372501E42AEA59E200A143DA /* ProfileView.swift */,
				372501E22AEA59CF00A143DA /* ActivityView.swift */,
				3781731D2AE1D11F008C0815 /* NhieOnboardingView.swift */,
				376DEFF62AE2F132002D8F4F /* CategorySelectionView.swift */,
				374834232AE1300F00CFFA87 /* NhieView.swift */,
				B2CCF9B52AE4298500EC82FB /* Onboarding.swift */,
				B2B72B442AE590AA0049C265 /* OnboardingContent.swift */,
				B23043EB2AE6864C00E2F945 /* ResultLoading.swift */,
				B2FD7F6C2AE68EED005F7962 /* EntryAnimation.swift */,
				6B2A29C92AEA7ACD0045E669 /* QuestionnaireView.swift */,
				6B2A29CD2AEA7B0A0045E669 /* QuestionnaireViewSample.swift */,
			);
			path = View;
			sourceTree = "<group>";
		};
		3781731C2AE1D10D008C0815 /* Model */ = {
			isa = PBXGroup;
			children = (
				3748342F2AE1304F00CFFA87 /* Category.swift */,
				B2CCF9B22AE4295B00EC82FB /* OnboardingModel.swift */,
				6B4DBBD52AEBA602003352CF /* QuestionnaireModel.swift */,
			);
			path = Model;
			sourceTree = "<group>";
		};
		6B7AC9832AE27E51005079DC /* ViewModel */ = {
			isa = PBXGroup;
			children = (
				6B7AC9812AE27BA3005079DC /* ColorPallete.swift */,
				6B2A29CB2AEA7AEB0045E669 /* QuestionnaireViewModel.swift */,
			);
			path = ViewModel;
			sourceTree = "<group>";
		};
/* End PBXGroup section */

/* Begin PBXNativeTarget section */
		3748341D2AE1300F00CFFA87 /* Uni-on */ = {
			isa = PBXNativeTarget;
			buildConfigurationList = 3748342C2AE1301100CFFA87 /* Build configuration list for PBXNativeTarget "Uni-on" */;
			buildPhases = (
				3748341A2AE1300F00CFFA87 /* Sources */,
				3748341B2AE1300F00CFFA87 /* Frameworks */,
				3748341C2AE1300F00CFFA87 /* Resources */,
			);
			buildRules = (
			);
			dependencies = (
			);
			name = "Uni-on";
			productName = "Uni-on";
			productReference = 3748341E2AE1300F00CFFA87 /* Uni-on.app */;
			productType = "com.apple.product-type.application";
		};
/* End PBXNativeTarget section */

/* Begin PBXProject section */
		374834162AE1300F00CFFA87 /* Project object */ = {
			isa = PBXProject;
			attributes = {
				BuildIndependentTargetsInParallel = 1;
				LastSwiftUpdateCheck = 1500;
				LastUpgradeCheck = 1500;
				TargetAttributes = {
					3748341D2AE1300F00CFFA87 = {
						CreatedOnToolsVersion = 15.0;
					};
				};
			};
			buildConfigurationList = 374834192AE1300F00CFFA87 /* Build configuration list for PBXProject "Uni-on" */;
			compatibilityVersion = "Xcode 14.0";
			developmentRegion = en;
			hasScannedForEncodings = 0;
			knownRegions = (
				en,
				Base,
			);
			mainGroup = 374834152AE1300F00CFFA87;
			productRefGroup = 3748341F2AE1300F00CFFA87 /* Products */;
			projectDirPath = "";
			projectRoot = "";
			targets = (
				3748341D2AE1300F00CFFA87 /* Uni-on */,
			);
		};
/* End PBXProject section */

/* Begin PBXResourcesBuildPhase section */
		3748341C2AE1300F00CFFA87 /* Resources */ = {
			isa = PBXResourcesBuildPhase;
			buildActionMask = 2147483647;
			files = (
				374834292AE1301100CFFA87 /* Preview Assets.xcassets in Resources */,
				349C20EE2AEA723A00060C84 /* .gitignore in Resources */,
				374834262AE1301100CFFA87 /* Assets.xcassets in Resources */,
			);
			runOnlyForDeploymentPostprocessing = 0;
		};
/* End PBXResourcesBuildPhase section */

/* Begin PBXSourcesBuildPhase section */
		3748341A2AE1300F00CFFA87 /* Sources */ = {
			isa = PBXSourcesBuildPhase;
			buildActionMask = 2147483647;
			files = (
				374834302AE1304F00CFFA87 /* Category.swift in Sources */,
				372501E32AEA59CF00A143DA /* ActivityView.swift in Sources */,
				B2B72B452AE590AA0049C265 /* OnboardingContent.swift in Sources */,
				372B82B52AEA5C6600DF7B3C /* HomeView.swift in Sources */,
				B2FD7F6D2AE68EED005F7962 /* EntryAnimation.swift in Sources */,
				374834242AE1300F00CFFA87 /* NhieView.swift in Sources */,
				374834222AE1300F00CFFA87 /* Uni_onApp.swift in Sources */,
				376DEFF72AE2F132002D8F4F /* CategorySelectionView.swift in Sources */,
				B2CCF9B32AE4295B00EC82FB /* OnboardingModel.swift in Sources */,
				B23043EC2AE6864C00E2F945 /* ResultLoading.swift in Sources */,
				372501E52AEA59E200A143DA /* ProfileView.swift in Sources */,
				6B4DBBD62AEBA602003352CF /* QuestionnaireModel.swift in Sources */,
				6B2A29CA2AEA7ACD0045E669 /* QuestionnaireView.swift in Sources */,
				6B2A29CE2AEA7B0A0045E669 /* QuestionnaireViewSample.swift in Sources */,
				6B2A29CC2AEA7AEB0045E669 /* QuestionnaireViewModel.swift in Sources */,
				372501E72AEA59F500A143DA /* HomeNoQuizView.swift in Sources */,
				3781731E2AE1D11F008C0815 /* NhieOnboardingView.swift in Sources */,
				B2CCF9B62AE4298500EC82FB /* Onboarding.swift in Sources */,
				6B7AC9822AE27BA3005079DC /* ColorPallete.swift in Sources */,
			);
			runOnlyForDeploymentPostprocessing = 0;
		};
/* End PBXSourcesBuildPhase section */

/* Begin XCBuildConfiguration section */
		3748342A2AE1301100CFFA87 /* Debug */ = {
			isa = XCBuildConfiguration;
			buildSettings = {
				ALWAYS_SEARCH_USER_PATHS = NO;
				ASSETCATALOG_COMPILER_GENERATE_SWIFT_ASSET_SYMBOL_EXTENSIONS = YES;
				CLANG_ANALYZER_NONNULL = YES;
				CLANG_ANALYZER_NUMBER_OBJECT_CONVERSION = YES_AGGRESSIVE;
				CLANG_CXX_LANGUAGE_STANDARD = "gnu++20";
				CLANG_ENABLE_MODULES = YES;
				CLANG_ENABLE_OBJC_ARC = YES;
				CLANG_ENABLE_OBJC_WEAK = YES;
				CLANG_WARN_BLOCK_CAPTURE_AUTORELEASING = YES;
				CLANG_WARN_BOOL_CONVERSION = YES;
				CLANG_WARN_COMMA = YES;
				CLANG_WARN_CONSTANT_CONVERSION = YES;
				CLANG_WARN_DEPRECATED_OBJC_IMPLEMENTATIONS = YES;
				CLANG_WARN_DIRECT_OBJC_ISA_USAGE = YES_ERROR;
				CLANG_WARN_DOCUMENTATION_COMMENTS = YES;
				CLANG_WARN_EMPTY_BODY = YES;
				CLANG_WARN_ENUM_CONVERSION = YES;
				CLANG_WARN_INFINITE_RECURSION = YES;
				CLANG_WARN_INT_CONVERSION = YES;
				CLANG_WARN_NON_LITERAL_NULL_CONVERSION = YES;
				CLANG_WARN_OBJC_IMPLICIT_RETAIN_SELF = YES;
				CLANG_WARN_OBJC_LITERAL_CONVERSION = YES;
				CLANG_WARN_OBJC_ROOT_CLASS = YES_ERROR;
				CLANG_WARN_QUOTED_INCLUDE_IN_FRAMEWORK_HEADER = YES;
				CLANG_WARN_RANGE_LOOP_ANALYSIS = YES;
				CLANG_WARN_STRICT_PROTOTYPES = YES;
				CLANG_WARN_SUSPICIOUS_MOVE = YES;
				CLANG_WARN_UNGUARDED_AVAILABILITY = YES_AGGRESSIVE;
				CLANG_WARN_UNREACHABLE_CODE = YES;
				CLANG_WARN__DUPLICATE_METHOD_MATCH = YES;
				COPY_PHASE_STRIP = NO;
				DEBUG_INFORMATION_FORMAT = dwarf;
				ENABLE_STRICT_OBJC_MSGSEND = YES;
				ENABLE_TESTABILITY = YES;
				ENABLE_USER_SCRIPT_SANDBOXING = YES;
				GCC_C_LANGUAGE_STANDARD = gnu17;
				GCC_DYNAMIC_NO_PIC = NO;
				GCC_NO_COMMON_BLOCKS = YES;
				GCC_OPTIMIZATION_LEVEL = 0;
				GCC_PREPROCESSOR_DEFINITIONS = (
					"DEBUG=1",
					"$(inherited)",
				);
				GCC_WARN_64_TO_32_BIT_CONVERSION = YES;
				GCC_WARN_ABOUT_RETURN_TYPE = YES_ERROR;
				GCC_WARN_UNDECLARED_SELECTOR = YES;
				GCC_WARN_UNINITIALIZED_AUTOS = YES_AGGRESSIVE;
				GCC_WARN_UNUSED_FUNCTION = YES;
				GCC_WARN_UNUSED_VARIABLE = YES;
				IPHONEOS_DEPLOYMENT_TARGET = 17.0;
				LOCALIZATION_PREFERS_STRING_CATALOGS = YES;
				MTL_ENABLE_DEBUG_INFO = INCLUDE_SOURCE;
				MTL_FAST_MATH = YES;
				ONLY_ACTIVE_ARCH = YES;
				SDKROOT = iphoneos;
				SWIFT_ACTIVE_COMPILATION_CONDITIONS = "DEBUG $(inherited)";
				SWIFT_OPTIMIZATION_LEVEL = "-Onone";
			};
			name = Debug;
		};
		3748342B2AE1301100CFFA87 /* Release */ = {
			isa = XCBuildConfiguration;
			buildSettings = {
				ALWAYS_SEARCH_USER_PATHS = NO;
				ASSETCATALOG_COMPILER_GENERATE_SWIFT_ASSET_SYMBOL_EXTENSIONS = YES;
				CLANG_ANALYZER_NONNULL = YES;
				CLANG_ANALYZER_NUMBER_OBJECT_CONVERSION = YES_AGGRESSIVE;
				CLANG_CXX_LANGUAGE_STANDARD = "gnu++20";
				CLANG_ENABLE_MODULES = YES;
				CLANG_ENABLE_OBJC_ARC = YES;
				CLANG_ENABLE_OBJC_WEAK = YES;
				CLANG_WARN_BLOCK_CAPTURE_AUTORELEASING = YES;
				CLANG_WARN_BOOL_CONVERSION = YES;
				CLANG_WARN_COMMA = YES;
				CLANG_WARN_CONSTANT_CONVERSION = YES;
				CLANG_WARN_DEPRECATED_OBJC_IMPLEMENTATIONS = YES;
				CLANG_WARN_DIRECT_OBJC_ISA_USAGE = YES_ERROR;
				CLANG_WARN_DOCUMENTATION_COMMENTS = YES;
				CLANG_WARN_EMPTY_BODY = YES;
				CLANG_WARN_ENUM_CONVERSION = YES;
				CLANG_WARN_INFINITE_RECURSION = YES;
				CLANG_WARN_INT_CONVERSION = YES;
				CLANG_WARN_NON_LITERAL_NULL_CONVERSION = YES;
				CLANG_WARN_OBJC_IMPLICIT_RETAIN_SELF = YES;
				CLANG_WARN_OBJC_LITERAL_CONVERSION = YES;
				CLANG_WARN_OBJC_ROOT_CLASS = YES_ERROR;
				CLANG_WARN_QUOTED_INCLUDE_IN_FRAMEWORK_HEADER = YES;
				CLANG_WARN_RANGE_LOOP_ANALYSIS = YES;
				CLANG_WARN_STRICT_PROTOTYPES = YES;
				CLANG_WARN_SUSPICIOUS_MOVE = YES;
				CLANG_WARN_UNGUARDED_AVAILABILITY = YES_AGGRESSIVE;
				CLANG_WARN_UNREACHABLE_CODE = YES;
				CLANG_WARN__DUPLICATE_METHOD_MATCH = YES;
				COPY_PHASE_STRIP = NO;
				DEBUG_INFORMATION_FORMAT = "dwarf-with-dsym";
				ENABLE_NS_ASSERTIONS = NO;
				ENABLE_STRICT_OBJC_MSGSEND = YES;
				ENABLE_USER_SCRIPT_SANDBOXING = YES;
				GCC_C_LANGUAGE_STANDARD = gnu17;
				GCC_NO_COMMON_BLOCKS = YES;
				GCC_WARN_64_TO_32_BIT_CONVERSION = YES;
				GCC_WARN_ABOUT_RETURN_TYPE = YES_ERROR;
				GCC_WARN_UNDECLARED_SELECTOR = YES;
				GCC_WARN_UNINITIALIZED_AUTOS = YES_AGGRESSIVE;
				GCC_WARN_UNUSED_FUNCTION = YES;
				GCC_WARN_UNUSED_VARIABLE = YES;
				IPHONEOS_DEPLOYMENT_TARGET = 17.0;
				LOCALIZATION_PREFERS_STRING_CATALOGS = YES;
				MTL_ENABLE_DEBUG_INFO = NO;
				MTL_FAST_MATH = YES;
				SDKROOT = iphoneos;
				SWIFT_COMPILATION_MODE = wholemodule;
				VALIDATE_PRODUCT = YES;
			};
			name = Release;
		};
		3748342D2AE1301100CFFA87 /* Debug */ = {
			isa = XCBuildConfiguration;
			buildSettings = {
				ASSETCATALOG_COMPILER_APPICON_NAME = AppIcon;
				ASSETCATALOG_COMPILER_GLOBAL_ACCENT_COLOR_NAME = AccentColor;
				CODE_SIGN_STYLE = Automatic;
				CURRENT_PROJECT_VERSION = 1;
				DEVELOPMENT_ASSET_PATHS = "\"Uni-on/Preview Content\"";
				DEVELOPMENT_TEAM = ACZ57MS529;
				ENABLE_PREVIEWS = YES;
				GENERATE_INFOPLIST_FILE = YES;
				INFOPLIST_KEY_UIApplicationSceneManifest_Generation = YES;
				INFOPLIST_KEY_UIApplicationSupportsIndirectInputEvents = YES;
				INFOPLIST_KEY_UILaunchScreen_Generation = YES;
				INFOPLIST_KEY_UISupportedInterfaceOrientations = UIInterfaceOrientationPortrait;
				INFOPLIST_KEY_UISupportedInterfaceOrientations_iPad = "UIInterfaceOrientationLandscapeLeft UIInterfaceOrientationLandscapeRight UIInterfaceOrientationPortrait UIInterfaceOrientationPortraitUpsideDown";
				LD_RUNPATH_SEARCH_PATHS = (
					"$(inherited)",
					"@executable_path/Frameworks",
				);
				MARKETING_VERSION = 1.0;
				PRODUCT_BUNDLE_IDENTIFIER = "com.jakubmantelli.Uni-on";
				PRODUCT_NAME = "$(TARGET_NAME)";
				SUPPORTED_PLATFORMS = "iphoneos iphonesimulator";
				SUPPORTS_MACCATALYST = NO;
				SUPPORTS_MAC_DESIGNED_FOR_IPHONE_IPAD = NO;
				SWIFT_EMIT_LOC_STRINGS = YES;
				SWIFT_VERSION = 5.0;
				TARGETED_DEVICE_FAMILY = 1;
			};
			name = Debug;
		};
		3748342E2AE1301100CFFA87 /* Release */ = {
			isa = XCBuildConfiguration;
			buildSettings = {
				ASSETCATALOG_COMPILER_APPICON_NAME = AppIcon;
				ASSETCATALOG_COMPILER_GLOBAL_ACCENT_COLOR_NAME = AccentColor;
				CODE_SIGN_STYLE = Automatic;
				CURRENT_PROJECT_VERSION = 1;
				DEVELOPMENT_ASSET_PATHS = "\"Uni-on/Preview Content\"";
				DEVELOPMENT_TEAM = ACZ57MS529;
				ENABLE_PREVIEWS = YES;
				GENERATE_INFOPLIST_FILE = YES;
				INFOPLIST_KEY_UIApplicationSceneManifest_Generation = YES;
				INFOPLIST_KEY_UIApplicationSupportsIndirectInputEvents = YES;
				INFOPLIST_KEY_UILaunchScreen_Generation = YES;
				INFOPLIST_KEY_UISupportedInterfaceOrientations = UIInterfaceOrientationPortrait;
				INFOPLIST_KEY_UISupportedInterfaceOrientations_iPad = "UIInterfaceOrientationLandscapeLeft UIInterfaceOrientationLandscapeRight UIInterfaceOrientationPortrait UIInterfaceOrientationPortraitUpsideDown";
				LD_RUNPATH_SEARCH_PATHS = (
					"$(inherited)",
					"@executable_path/Frameworks",
				);
				MARKETING_VERSION = 1.0;
				PRODUCT_BUNDLE_IDENTIFIER = "com.jakubmantelli.Uni-on";
				PRODUCT_NAME = "$(TARGET_NAME)";
				SUPPORTED_PLATFORMS = "iphoneos iphonesimulator";
				SUPPORTS_MACCATALYST = NO;
				SUPPORTS_MAC_DESIGNED_FOR_IPHONE_IPAD = NO;
				SWIFT_EMIT_LOC_STRINGS = YES;
				SWIFT_VERSION = 5.0;
				TARGETED_DEVICE_FAMILY = 1;
			};
			name = Release;
		};
/* End XCBuildConfiguration section */

/* Begin XCConfigurationList section */
		374834192AE1300F00CFFA87 /* Build configuration list for PBXProject "Uni-on" */ = {
			isa = XCConfigurationList;
			buildConfigurations = (
				3748342A2AE1301100CFFA87 /* Debug */,
				3748342B2AE1301100CFFA87 /* Release */,
			);
			defaultConfigurationIsVisible = 0;
			defaultConfigurationName = Release;
		};
		3748342C2AE1301100CFFA87 /* Build configuration list for PBXNativeTarget "Uni-on" */ = {
			isa = XCConfigurationList;
			buildConfigurations = (
				3748342D2AE1301100CFFA87 /* Debug */,
				3748342E2AE1301100CFFA87 /* Release */,
			);
			defaultConfigurationIsVisible = 0;
			defaultConfigurationName = Release;
		};
/* End XCConfigurationList section */
	};
	rootObject = 374834162AE1300F00CFFA87 /* Project object */;
}
